
Microsoft Visual Studio Solution File, Format Version 12.00
# Visual Studio Version 17
VisualStudioVersion = 17.1.32407.343
MinimumVisualStudioVersion = 10.0.40219.1
Project("{FAE04EC0-301F-11D3-BF4B-00C04F79EFBC}") = "Sanke  Game", "Sanke  Game\Sanke  Game.csproj", "{32B0EA72-E6F1-44C0-B2F5-AA3F0C9BC4A6}"
EndProject
Global
	GlobalSection(SolutionConfigurationPlatforms) = preSolution
		Debug|Any CPU = Debug|Any CPU
		Release|Any CPU = Release|Any CPU
	EndGlobalSection
	GlobalSection(ProjectConfigurationPlatforms) = postSolution
		{32B0EA72-E6F1-44C0-B2F5-AA3F0C9BC4A6}.Debug|Any CPU.ActiveCfg = Debug|Any CPU
		{32B0EA72-E6F1-44C0-B2F5-AA3F0C9BC4A6}.Debug|Any CPU.Build.0 = Debug|Any CPU
		{32B0EA72-E6F1-44C0-B2F5-AA3F0C9BC4A6}.Release|Any CPU.ActiveCfg = Release|Any CPU
		{32B0EA72-E6F1-44C0-B2F5-AA3F0C9BC4A6}.Release|Any CPU.Build.0 = Release|Any CPU
	EndGlobalSection
	GlobalSection(SolutionProperties) = preSolution
		HideSolutionNode = FALSE
	EndGlobalSection
	GlobalSection(ExtensibilityGlobals) = postSolution
		SolutionGuid = {76CED3FA-E546-4CF2-AEF5-722AC041F959}
	EndGlobalSection
EndGlobal
